# auto-generated by grc.converter

id: learning_iq_compensator
label: IQ compensator
category: '[learning]'

parameters:
-   id: frame_size
    label: Frame size
    dtype: int
    default: '100'
-   id: hidden_units
    label: Number of hidden units
    dtype: int
    default: '100'
-   id: batch_size
    label: Batch size
    dtype: int
    default: '5'
-   id: val
    label: IQ imbalance magnitude
    dtype: float
    default: '0'
-   id: learning_rate
    label: Learning rate
    dtype: float
    default: 1e-4

inputs:
-   domain: stream
    dtype: complex
-   domain: message
    id: error
    optional: true

outputs:
-   domain: stream
    dtype: complex

templates:
    imports: from gnuradio import learning
    make: learning.iq_compensator(${frame_size}, ${hidden_units}, ${batch_size}, ${val},
        ${learning_rate})
    callbacks:
    - set_mag_value(${val})

file_format: 1
