# auto-generated by grc.converter

id: learning_head
label: Head
category: '[learning]'

parameters:
-   id: type
    label: Type
    dtype: enum
    options: [complex, float, int, short, byte]
    option_attributes:
        size: [gr.sizeof_gr_complex, gr.sizeof_float, gr.sizeof_int, gr.sizeof_short,
            gr.sizeof_char]
    hide: part
-   id: num_items
    label: Num Items
    dtype: int
    default: '1024'
-   id: vlen
    label: Vec Length
    dtype: int
    default: '1'
    hide: ${ 'part' if vlen == 1 else 'none' }
-   id: blocking
    label: Blocking
    dtype: enum
    default: 'True'
    options: ['False', 'True']
    option_labels: ['No', 'Yes']

inputs:
-   domain: stream
    dtype: ${ type }
    vlen: ${ vlen }

outputs:
-   domain: stream
    dtype: ${ type }
    vlen: ${ vlen }
asserts:
- ${ vlen > 0 }

templates:
    imports: import learning
    make: learning.head(${type.size}*${vlen}, ${num_items}, ${blocking})
    callbacks:
    - set_length(${num_items})
    - set_blocking(${blocking})
    - reset()

file_format: 1
